
Microsoft Visual Studio Solution File, Format Version 12.00
# Visual Studio Version 17
VisualStudioVersion = 17.8.34309.116
MinimumVisualStudioVersion = 10.0.40219.1
Project("{FAE04EC0-301F-11D3-BF4B-00C04F79EFBC}") = "CRUD-Sample", "CRUD-Sample\CRUD-Sample.csproj", "{13247B0D-28A4-4AC2-89EE-0C6BC740230A}"
EndProject
Global
	GlobalSection(SolutionConfigurationPlatforms) = preSolution
		Debug|Any CPU = Debug|Any CPU
		Release|Any CPU = Release|Any CPU
	EndGlobalSection
	GlobalSection(ProjectConfigurationPlatforms) = postSolution
		{13247B0D-28A4-4AC2-89EE-0C6BC740230A}.Debug|Any CPU.ActiveCfg = Debug|Any CPU
		{13247B0D-28A4-4AC2-89EE-0C6BC740230A}.Debug|Any CPU.Build.0 = Debug|Any CPU
		{13247B0D-28A4-4AC2-89EE-0C6BC740230A}.Release|Any CPU.ActiveCfg = Release|Any CPU
		{13247B0D-28A4-4AC2-89EE-0C6BC740230A}.Release|Any CPU.Build.0 = Release|Any CPU
	EndGlobalSection
	GlobalSection(SolutionProperties) = preSolution
		HideSolutionNode = FALSE
	EndGlobalSection
	GlobalSection(ExtensibilityGlobals) = postSolution
		SolutionGuid = {F65BCB62-5914-48BD-98CA-8DA38D955FA6}
	EndGlobalSection
EndGlobal
